
Microsoft Visual Studio Solution File, Format Version 12.00
# Visual Studio Version 17
VisualStudioVersion = 17.3.32929.385
MinimumVisualStudioVersion = 10.0.40219.1
Project("{9A19103F-16F7-4668-BE54-9A1E7A4F7556}") = "RunGroopWeApp", "RunGroopWeApp\RunGroopWeApp.csproj", "{D11B0D77-B5FB-4D18-A9A8-E69E4759292A}"
EndProject
Project("{2150E333-8FDC-42A3-9474-1A3956D46DE8}") = "Solution Items", "Solution Items", "{2C031029-F009-4F1F-AE65-B98ACCEC244D}"
	ProjectSection(SolutionItems) = preProject
		.editorconfig = .editorconfig
	EndProjectSection
EndProject
Global
	GlobalSection(SolutionConfigurationPlatforms) = preSolution
		Debug|Any CPU = Debug|Any CPU
		Release|Any CPU = Release|Any CPU
	EndGlobalSection
	GlobalSection(ProjectConfigurationPlatforms) = postSolution
		{D11B0D77-B5FB-4D18-A9A8-E69E4759292A}.Debug|Any CPU.ActiveCfg = Debug|Any CPU
		{D11B0D77-B5FB-4D18-A9A8-E69E4759292A}.Debug|Any CPU.Build.0 = Debug|Any CPU
		{D11B0D77-B5FB-4D18-A9A8-E69E4759292A}.Release|Any CPU.ActiveCfg = Release|Any CPU
		{D11B0D77-B5FB-4D18-A9A8-E69E4759292A}.Release|Any CPU.Build.0 = Release|Any CPU
	EndGlobalSection
	GlobalSection(SolutionProperties) = preSolution
		HideSolutionNode = FALSE
	EndGlobalSection
	GlobalSection(ExtensibilityGlobals) = postSolution
		SolutionGuid = {760539A2-D1FD-436C-A210-5194C0F1FA7F}
	EndGlobalSection
EndGlobal
